
Microsoft Visual Studio Solution File, Format Version 12.00
# Visual Studio 15
VisualStudioVersion = 15.0.26430.16
MinimumVisualStudioVersion = 10.0.40219.1
Project("{888888A0-9F3D-457C-B088-3A5042F75D52}") = "DjangoWebProject1", "DjangoWebProject1\DjangoWebProject1.pyproj", "{B2A0D5B9-7A73-40C8-8597-9C978DE0E385}"
EndProject
Global
	GlobalSection(SolutionConfigurationPlatforms) = preSolution
		Debug|Any CPU = Debug|Any CPU
		Release|Any CPU = Release|Any CPU
	EndGlobalSection
	GlobalSection(ProjectConfigurationPlatforms) = postSolution
		{B2A0D5B9-7A73-40C8-8597-9C978DE0E385}.Debug|Any CPU.ActiveCfg = Debug|Any CPU
		{B2A0D5B9-7A73-40C8-8597-9C978DE0E385}.Debug|Any CPU.Build.0 = Debug|Any CPU
		{B2A0D5B9-7A73-40C8-8597-9C978DE0E385}.Release|Any CPU.ActiveCfg = Release|Any CPU
		{B2A0D5B9-7A73-40C8-8597-9C978DE0E385}.Release|Any CPU.Build.0 = Release|Any CPU
	EndGlobalSection
	GlobalSection(SolutionProperties) = preSolution
		HideSolutionNode = FALSE
	EndGlobalSection
EndGlobal
